
Microsoft Visual Studio Solution File, Format Version 12.00
# Visual Studio 15
VisualStudioVersion = 15.0.27130.2027
MinimumVisualStudioVersion = 10.0.40219.1
Project("{FAE04EC0-301F-11D3-BF4B-00C04F79EFBC}") = "WoF", "WoF\WoF.csproj", "{3C956CFD-7D51-4314-A1AC-CFD7F5902E1F}"
EndProject
Project("{FAE04EC0-301F-11D3-BF4B-00C04F79EFBC}") = "BAU", "BoA\BAU.csproj", "{9CCE1683-FDD8-4596-B731-DDF01D39E9F1}"
EndProject
Global
	GlobalSection(SolutionConfigurationPlatforms) = preSolution
		Debug|Any CPU = Debug|Any CPU
		Release|Any CPU = Release|Any CPU
	EndGlobalSection
	GlobalSection(ProjectConfigurationPlatforms) = postSolution
		{3C956CFD-7D51-4314-A1AC-CFD7F5902E1F}.Debug|Any CPU.ActiveCfg = Debug|Any CPU
		{3C956CFD-7D51-4314-A1AC-CFD7F5902E1F}.Debug|Any CPU.Build.0 = Debug|Any CPU
		{3C956CFD-7D51-4314-A1AC-CFD7F5902E1F}.Release|Any CPU.ActiveCfg = Release|Any CPU
		{3C956CFD-7D51-4314-A1AC-CFD7F5902E1F}.Release|Any CPU.Build.0 = Release|Any CPU
		{9CCE1683-FDD8-4596-B731-DDF01D39E9F1}.Debug|Any CPU.ActiveCfg = Debug|Any CPU
		{9CCE1683-FDD8-4596-B731-DDF01D39E9F1}.Debug|Any CPU.Build.0 = Debug|Any CPU
		{9CCE1683-FDD8-4596-B731-DDF01D39E9F1}.Release|Any CPU.ActiveCfg = Release|Any CPU
		{9CCE1683-FDD8-4596-B731-DDF01D39E9F1}.Release|Any CPU.Build.0 = Release|Any CPU
	EndGlobalSection
	GlobalSection(SolutionProperties) = preSolution
		HideSolutionNode = FALSE
	EndGlobalSection
	GlobalSection(ExtensibilityGlobals) = postSolution
		SolutionGuid = {7A7BE40F-B4C6-4390-99FA-2A06CA815A11}
	EndGlobalSection
EndGlobal
